
Microsoft Visual Studio Solution File, Format Version 12.00
# Visual Studio Version 17
VisualStudioVersion = 17.0.31903.59
MinimumVisualStudioVersion = 10.0.40219.1
Project("{FAE04EC0-301F-11D3-BF4B-00C04F79EFBC}") = "API", "API\API.csproj", "{80609290-BF25-48B2-A5B8-82FEE91767D4}"
EndProject
Project("{FAE04EC0-301F-11D3-BF4B-00C04F79EFBC}") = "Core", "Core\Core.csproj", "{A260BBF1-1D3A-4F70-A3E4-403C5511AA7E}"
EndProject
Project("{FAE04EC0-301F-11D3-BF4B-00C04F79EFBC}") = "Infrastructure", "Infrastructure\Infrastructure.csproj", "{E0A64D1D-AA1C-4FCA-B61C-0CEA4A0A2C2B}"
EndProject
Global
	GlobalSection(SolutionConfigurationPlatforms) = preSolution
		Debug|Any CPU = Debug|Any CPU
		Release|Any CPU = Release|Any CPU
	EndGlobalSection
	GlobalSection(SolutionProperties) = preSolution
		HideSolutionNode = FALSE
	EndGlobalSection
	GlobalSection(ProjectConfigurationPlatforms) = postSolution
		{80609290-BF25-48B2-A5B8-82FEE91767D4}.Debug|Any CPU.ActiveCfg = Debug|Any CPU
		{80609290-BF25-48B2-A5B8-82FEE91767D4}.Debug|Any CPU.Build.0 = Debug|Any CPU
		{80609290-BF25-48B2-A5B8-82FEE91767D4}.Release|Any CPU.ActiveCfg = Release|Any CPU
		{80609290-BF25-48B2-A5B8-82FEE91767D4}.Release|Any CPU.Build.0 = Release|Any CPU
		{A260BBF1-1D3A-4F70-A3E4-403C5511AA7E}.Debug|Any CPU.ActiveCfg = Debug|Any CPU
		{A260BBF1-1D3A-4F70-A3E4-403C5511AA7E}.Debug|Any CPU.Build.0 = Debug|Any CPU
		{A260BBF1-1D3A-4F70-A3E4-403C5511AA7E}.Release|Any CPU.ActiveCfg = Release|Any CPU
		{A260BBF1-1D3A-4F70-A3E4-403C5511AA7E}.Release|Any CPU.Build.0 = Release|Any CPU
		{E0A64D1D-AA1C-4FCA-B61C-0CEA4A0A2C2B}.Debug|Any CPU.ActiveCfg = Debug|Any CPU
		{E0A64D1D-AA1C-4FCA-B61C-0CEA4A0A2C2B}.Debug|Any CPU.Build.0 = Debug|Any CPU
		{E0A64D1D-AA1C-4FCA-B61C-0CEA4A0A2C2B}.Release|Any CPU.ActiveCfg = Release|Any CPU
		{E0A64D1D-AA1C-4FCA-B61C-0CEA4A0A2C2B}.Release|Any CPU.Build.0 = Release|Any CPU
	EndGlobalSection
EndGlobal
